{
  "name": "tabla",
  "lockfileVersion": 3,
  "requires": true,
  "packages": {
    "": {
      "dependencies": {
        "snabbdom": "^3.6.3"
      }
    },
    "node_modules/snabbdom": {
      "version": "3.6.3",
      "resolved": "https://registry.npmjs.org/snabbdom/-/snabbdom-3.6.3.tgz",
      "integrity": "sha512-W2lHLLw2qR2Vv0DcMmcxXqcfdBaIcoN+y/86SmHv8fn4DazEQSH6KN3TjZcWvwujW56OHiiirsbHWZb4vx/0fg==",
      "license": "MIT",
      "engines": {
        "node": ">=12.17.0"
      }
    }
  }
}
